#MicroXplorer Configuration settings - do not modify
Mcu.Family=STM32F0
ProjectManager.MainLocation=Src
RCC.USART1Freq_Value=48000000
ProjectManager.ProjectFileName=sensor_firmware.ioc
I2C1.I2C_Speed_Mode=I2C_Fast
ProjectManager.KeepUserCode=true
PA10.Mode=I2C
Mcu.UserName=STM32F030F4Px
Mcu.PinsNb=9
ProjectManager.NoMain=false
USART1.BaudRate=115200
RCC.PLLCLKFreq_Value=48000000
VP_ADC_Vref_Input.Mode=IN-Vrefint
ProjectManager.functionlistsort=1-MX_GPIO_Init-GPIO-false-HAL-true,2-SystemClock_Config-RCC-false-HAL-false,3-MX_ADC_Init-ADC-false-HAL-true
ProjectManager.DefaultFWLocation=true
ADC.IPParameters=SamplingTime,EnableAnalogWatchDog,EOCSelection
NVIC.SVC_IRQn=true\:0\:0\:false\:false\:true\:false\:false
ProjectManager.DeletePrevious=true
USART1.IPParameters=VirtualMode-Asynchronous,BaudRate
PinOutPanel.RotationAngle=0
RCC.FamilyName=M
RCC.SYSCLKSource=RCC_SYSCLKSOURCE_PLLCLK
ProjectManager.StackSize=0x400
ADC.EnableAnalogWatchDog=false
USART1.VirtualMode-Asynchronous=VM_ASYNC
PA3.Mode=Asynchronous
PA13.Signal=SYS_SWDIO
Mcu.IP4=SYS
RCC.FCLKCortexFreq_Value=48000000
Mcu.IP5=USART1
Mcu.IP2=NVIC
I2C1.IPParameters=I2C_Speed_Mode,Timing
Mcu.IP3=RCC
Mcu.IP0=ADC
PA9.Mode=I2C
Mcu.IP1=I2C1
NVIC.ADC1_IRQn=true\:0\:0\:false\:false\:true\:true\:true
Mcu.UserConstants=
VP_ADC_Vref_Input.Signal=ADC_Vref_Input
ProjectManager.TargetToolchain=Makefile
Mcu.ThirdPartyNb=0
RCC.HCLKFreq_Value=48000000
Mcu.IPNb=6
ProjectManager.PreviousToolchain=
PA9.Signal=I2C1_SCL
I2C1.Timing=0x0000020B
Mcu.Pin6=PA14
Mcu.Pin7=VP_ADC_Vref_Input
Mcu.Pin8=VP_SYS_VS_Systick
RCC.AHBFreq_Value=48000000
Mcu.Pin0=PA2
Mcu.Pin1=PA3
GPIO.groupedBy=Group By Peripherals
Mcu.Pin2=PA5
Mcu.Pin3=PA9
Mcu.Pin4=PA10
ADC.SamplingTime=ADC_SAMPLETIME_239CYCLES_5
Mcu.Pin5=PA13
PA5.Signal=ADC_IN5
ProjectManager.ProjectBuild=false
board=custom
NVIC.SysTick_IRQn=true\:0\:0\:false\:false\:true\:false\:true
ProjectManager.LastFirmware=true
RCC.PLLMUL=RCC_PLL_MUL12
ProjectManager.FirmwarePackage=STM32Cube FW_F0 V1.11.0
MxDb.Version=DB.5.0.60
ProjectManager.BackupPrevious=false
MxCube.Version=5.6.0
PA14.Mode=Serial_Wire
File.Version=6
VP_SYS_VS_Systick.Mode=SysTick
PA9.Locked=true
ADC.EOCSelection=ADC_EOC_SINGLE_CONV
NVIC.NonMaskableInt_IRQn=true\:0\:0\:false\:false\:true\:false\:false
NVIC.PendSV_IRQn=true\:0\:0\:false\:false\:true\:false\:false
PA13.Mode=Serial_Wire
ProjectManager.FreePins=true
RCC.IPParameters=AHBFreq_Value,APB1Freq_Value,APB1TimFreq_Value,FCLKCortexFreq_Value,FamilyName,HCLKFreq_Value,PLLCLKFreq_Value,PLLMUL,SYSCLKFreq_VALUE,SYSCLKSource,TimSysFreq_Value,USART1Freq_Value
ProjectManager.AskForMigrate=true
Mcu.Name=STM32F030F4Px
ProjectManager.HalAssertFull=false
PA2.Signal=USART1_TX
ProjectManager.ProjectName=sensor_firmware
ProjectManager.UnderRoot=false
ProjectManager.CoupleFile=true
RCC.SYSCLKFreq_VALUE=48000000
Mcu.Package=TSSOP20
RCC.TimSysFreq_Value=48000000
PA3.Locked=true
PA5.Locked=true
PA5.GPIO_Label=VFB
PA10.Locked=true
NVIC.ForceEnableDMAVector=true
KeepUserPlacement=false
ProjectManager.CompilerOptimize=6
ProjectManager.ToolChainLocation=
VP_SYS_VS_Systick.Signal=SYS_VS_Systick
PA10.Signal=I2C1_SDA
PA14.Signal=SYS_SWCLK
ProjectManager.HeapSize=0x200
NVIC.HardFault_IRQn=true\:0\:0\:false\:false\:true\:false\:false
PA5.GPIOParameters=GPIO_Label
ProjectManager.ComputerToolchain=false
RCC.APB1TimFreq_Value=48000000
PA2.Mode=Asynchronous
RCC.APB1Freq_Value=48000000
ProjectManager.CustomerFirmwarePackage=
ProjectManager.DeviceId=STM32F030F4Px
ProjectManager.LibraryCopy=0
PA3.Signal=USART1_RX
PA5.Mode=IN5
PA2.Locked=true
